// !$*UTF8*$!
{
	archiveVersion = 1;
	classes = {
	};
	objectVersion = 46;
	objects = {

/* Begin PBXBuildFile section */
		868466CF1D57C1E4006950E4 /* AppDelegate.swift in Sources */ = {isa = PBXBuildFile; fileRef = 868466CE1D57C1E4006950E4 /* AppDelegate.swift */; };
		868466D11D57C1E4006950E4 /* LocationMapViewController.swift in Sources */ = {isa = PBXBuildFile; fileRef = 868466D01D57C1E4006950E4 /* LocationMapViewController.swift */; };
		868466D41D57C1E4006950E4 /* Main.storyboard in Resources */ = {isa = PBXBuildFile; fileRef = 868466D21D57C1E4006950E4 /* Main.storyboard */; };
		868466D61D57C1E4006950E4 /* Assets.xcassets in Resources */ = {isa = PBXBuildFile; fileRef = 868466D51D57C1E4006950E4 /* Assets.xcassets */; };
		868466D91D57C1E4006950E4 /* LaunchScreen.storyboard in Resources */ = {isa = PBXBuildFile; fileRef = 868466D71D57C1E4006950E4 /* LaunchScreen.storyboard */; };
		868466E41D57C1E4006950E4 /* Virtual_TouristTests.swift in Sources */ = {isa = PBXBuildFile; fileRef = 868466E31D57C1E4006950E4 /* Virtual_TouristTests.swift */; };
		868466EF1D57C1E4006950E4 /* Virtual_TouristUITests.swift in Sources */ = {isa = PBXBuildFile; fileRef = 868466EE1D57C1E4006950E4 /* Virtual_TouristUITests.swift */; };
		86E482AD1D596BC700972FBA /* MapKit.framework in Frameworks */ = {isa = PBXBuildFile; fileRef = 86E482AC1D596BC700972FBA /* MapKit.framework */; };
		86E482AF1D596E4B00972FBA /* CoreDataStackManager.swift in Sources */ = {isa = PBXBuildFile; fileRef = 86E482AE1D596E4B00972FBA /* CoreDataStackManager.swift */; };
		86E482B21D5981EA00972FBA /* VirtualTourist.xcdatamodeld in Sources */ = {isa = PBXBuildFile; fileRef = 86E482B01D5981EA00972FBA /* VirtualTourist.xcdatamodeld */; };
		86E482B41D59843F00972FBA /* Pin.swift in Sources */ = {isa = PBXBuildFile; fileRef = 86E482B31D59843F00972FBA /* Pin.swift */; };
		86E482B61D5987BE00972FBA /* Pin+CoreDataProperties.swift in Sources */ = {isa = PBXBuildFile; fileRef = 86E482B51D5987BE00972FBA /* Pin+CoreDataProperties.swift */; };
		86E482B81D59957C00972FBA /* FlickrConstants.swift in Sources */ = {isa = PBXBuildFile; fileRef = 86E482B71D59957C00972FBA /* FlickrConstants.swift */; };
		86E482BA1D59983A00972FBA /* FlickrClient.swift in Sources */ = {isa = PBXBuildFile; fileRef = 86E482B91D59983A00972FBA /* FlickrClient.swift */; };
		86E482BC1D5A1D5500972FBA /* ImageScrollView.swift in Sources */ = {isa = PBXBuildFile; fileRef = 86E482BB1D5A1D5500972FBA /* ImageScrollView.swift */; };
		86E482BE1D5A1EB500972FBA /* Category.swift in Sources */ = {isa = PBXBuildFile; fileRef = 86E482BD1D5A1EB500972FBA /* Category.swift */; };
		86E482C01D5A1F1D00972FBA /* Category+CoreDataProperties.swift in Sources */ = {isa = PBXBuildFile; fileRef = 86E482BF1D5A1F1D00972FBA /* Category+CoreDataProperties.swift */; };
		86E482C21D5A1FEB00972FBA /* PhotoCollectionViewCell.swift in Sources */ = {isa = PBXBuildFile; fileRef = 86E482C11D5A1FEB00972FBA /* PhotoCollectionViewCell.swift */; };
		86E482C41D5AEA4200972FBA /* PhotoAlbumViewController.swift in Sources */ = {isa = PBXBuildFile; fileRef = 86E482C31D5AEA4200972FBA /* PhotoAlbumViewController.swift */; };
		86E482C61D5B665C00972FBA /* Photos.swift in Sources */ = {isa = PBXBuildFile; fileRef = 86E482C51D5B665C00972FBA /* Photos.swift */; };
		86E482C81D5B6DBB00972FBA /* Photos+CoreDataProperties.swift in Sources */ = {isa = PBXBuildFile; fileRef = 86E482C71D5B6DBB00972FBA /* Photos+CoreDataProperties.swift */; };
		86E482CC1D5C406100972FBA /* FlickrConvenient.swift in Sources */ = {isa = PBXBuildFile; fileRef = 86E482CB1D5C406100972FBA /* FlickrConvenient.swift */; };
/* End PBXBuildFile section */

/* Begin PBXContainerItemProxy section */
		868466E01D57C1E4006950E4 /* PBXContainerItemProxy */ = {
			isa = PBXContainerItemProxy;
			containerPortal = 868466C31D57C1E4006950E4 /* Project object */;
			proxyType = 1;
			remoteGlobalIDString = 868466CA1D57C1E4006950E4;
			remoteInfo = "Virtual Tourist";
		};
		868466EB1D57C1E4006950E4 /* PBXContainerItemProxy */ = {
			isa = PBXContainerItemProxy;
			containerPortal = 868466C31D57C1E4006950E4 /* Project object */;
			proxyType = 1;
			remoteGlobalIDString = 868466CA1D57C1E4006950E4;
			remoteInfo = "Virtual Tourist";
		};
/* End PBXContainerItemProxy section */

/* Begin PBXFileReference section */
		868466CB1D57C1E4006950E4 /* Virtual Tourist.app */ = {isa = PBXFileReference; explicitFileType = wrapper.application; includeInIndex = 0; path = "Virtual Tourist.app"; sourceTree = BUILT_PRODUCTS_DIR; };
		868466CE1D57C1E4006950E4 /* AppDelegate.swift */ = {isa = PBXFileReference; lastKnownFileType = sourcecode.swift; path = AppDelegate.swift; sourceTree = "<group>"; };
		868466D01D57C1E4006950E4 /* LocationMapViewController.swift */ = {isa = PBXFileReference; lastKnownFileType = sourcecode.swift; path = LocationMapViewController.swift; sourceTree = "<group>"; };
		868466D31D57C1E4006950E4 /* Base */ = {isa = PBXFileReference; lastKnownFileType = file.storyboard; name = Base; path = Base.lproj/Main.storyboard; sourceTree = "<group>"; };
		868466D51D57C1E4006950E4 /* Assets.xcassets */ = {isa = PBXFileReference; lastKnownFileType = folder.assetcatalog; path = Assets.xcassets; sourceTree = "<group>"; };
		868466D81D57C1E4006950E4 /* Base */ = {isa = PBXFileReference; lastKnownFileType = file.storyboard; name = Base; path = Base.lproj/LaunchScreen.storyboard; sourceTree = "<group>"; };
		868466DA1D57C1E4006950E4 /* Info.plist */ = {isa = PBXFileReference; lastKnownFileType = text.plist.xml; path = Info.plist; sourceTree = "<group>"; };
		868466DF1D57C1E4006950E4 /* Virtual TouristTests.xctest */ = {isa = PBXFileReference; explicitFileType = wrapper.cfbundle; includeInIndex = 0; path = "Virtual TouristTests.xctest"; sourceTree = BUILT_PRODUCTS_DIR; };
		868466E31D57C1E4006950E4 /* Virtual_TouristTests.swift */ = {isa = PBXFileReference; lastKnownFileType = sourcecode.swift; path = Virtual_TouristTests.swift; sourceTree = "<group>"; };
		868466E51D57C1E4006950E4 /* Info.plist */ = {isa = PBXFileReference; lastKnownFileType = text.plist.xml; path = Info.plist; sourceTree = "<group>"; };
		868466EA1D57C1E4006950E4 /* Virtual TouristUITests.xctest */ = {isa = PBXFileReference; explicitFileType = wrapper.cfbundle; includeInIndex = 0; path = "Virtual TouristUITests.xctest"; sourceTree = BUILT_PRODUCTS_DIR; };
		868466EE1D57C1E4006950E4 /* Virtual_TouristUITests.swift */ = {isa = PBXFileReference; lastKnownFileType = sourcecode.swift; path = Virtual_TouristUITests.swift; sourceTree = "<group>"; };
		868466F01D57C1E4006950E4 /* Info.plist */ = {isa = PBXFileReference; lastKnownFileType = text.plist.xml; path = Info.plist; sourceTree = "<group>"; };
		86E482AC1D596BC700972FBA /* MapKit.framework */ = {isa = PBXFileReference; lastKnownFileType = wrapper.framework; name = MapKit.framework; path = ../../../../../Downloads/MapKit.framework; sourceTree = "<group>"; };
		86E482AE1D596E4B00972FBA /* CoreDataStackManager.swift */ = {isa = PBXFileReference; fileEncoding = 4; lastKnownFileType = sourcecode.swift; path = CoreDataStackManager.swift; sourceTree = "<group>"; };
		86E482B11D5981EA00972FBA /* VirtualTourist.xcdatamodel */ = {isa = PBXFileReference; lastKnownFileType = wrapper.xcdatamodel; path = VirtualTourist.xcdatamodel; sourceTree = "<group>"; };
		86E482B31D59843F00972FBA /* Pin.swift */ = {isa = PBXFileReference; fileEncoding = 4; lastKnownFileType = sourcecode.swift; path = Pin.swift; sourceTree = "<group>"; };
		86E482B51D5987BE00972FBA /* Pin+CoreDataProperties.swift */ = {isa = PBXFileReference; fileEncoding = 4; lastKnownFileType = sourcecode.swift; path = "Pin+CoreDataProperties.swift"; sourceTree = "<group>"; };
		86E482B71D59957C00972FBA /* FlickrConstants.swift */ = {isa = PBXFileReference; fileEncoding = 4; lastKnownFileType = sourcecode.swift; path = FlickrConstants.swift; sourceTree = "<group>"; };
		86E482B91D59983A00972FBA /* FlickrClient.swift */ = {isa = PBXFileReference; fileEncoding = 4; lastKnownFileType = sourcecode.swift; path = FlickrClient.swift; sourceTree = "<group>"; };
		86E482BB1D5A1D5500972FBA /* ImageScrollView.swift */ = {isa = PBXFileReference; fileEncoding = 4; lastKnownFileType = sourcecode.swift; path = ImageScrollView.swift; sourceTree = "<group>"; };
		86E482BD1D5A1EB500972FBA /* Category.swift */ = {isa = PBXFileReference; fileEncoding = 4; lastKnownFileType = sourcecode.swift; path = Category.swift; sourceTree = "<group>"; };
		86E482BF1D5A1F1D00972FBA /* Category+CoreDataProperties.swift */ = {isa = PBXFileReference; fileEncoding = 4; lastKnownFileType = sourcecode.swift; path = "Category+CoreDataProperties.swift"; sourceTree = "<group>"; };
		86E482C11D5A1FEB00972FBA /* PhotoCollectionViewCell.swift */ = {isa = PBXFileReference; fileEncoding = 4; lastKnownFileType = sourcecode.swift; path = PhotoCollectionViewCell.swift; sourceTree = "<group>"; };
		86E482C31D5AEA4200972FBA /* PhotoAlbumViewController.swift */ = {isa = PBXFileReference; fileEncoding = 4; lastKnownFileType = sourcecode.swift; path = PhotoAlbumViewController.swift; sourceTree = "<group>"; };
		86E482C51D5B665C00972FBA /* Photos.swift */ = {isa = PBXFileReference; fileEncoding = 4; lastKnownFileType = sourcecode.swift; path = Photos.swift; sourceTree = "<group>"; };
		86E482C71D5B6DBB00972FBA /* Photos+CoreDataProperties.swift */ = {isa = PBXFileReference; fileEncoding = 4; lastKnownFileType = sourcecode.swift; path = "Photos+CoreDataProperties.swift"; sourceTree = "<group>"; };
		86E482CB1D5C406100972FBA /* FlickrConvenient.swift */ = {isa = PBXFileReference; fileEncoding = 4; lastKnownFileType = sourcecode.swift; path = FlickrConvenient.swift; sourceTree = "<group>"; };
/* End PBXFileReference section */

/* Begin PBXFrameworksBuildPhase section */
		868466C81D57C1E4006950E4 /* Frameworks */ = {
			isa = PBXFrameworksBuildPhase;
			buildActionMask = 2147483647;
			files = (
				86E482AD1D596BC700972FBA /* MapKit.framework in Frameworks */,
			);
			runOnlyForDeploymentPostprocessing = 0;
		};
		868466DC1D57C1E4006950E4 /* Frameworks */ = {
			isa = PBXFrameworksBuildPhase;
			buildActionMask = 2147483647;
			files = (
			);
			runOnlyForDeploymentPostprocessing = 0;
		};
		868466E71D57C1E4006950E4 /* Frameworks */ = {
			isa = PBXFrameworksBuildPhase;
			buildActionMask = 2147483647;
			files = (
			);
			runOnlyForDeploymentPostprocessing = 0;
		};
/* End PBXFrameworksBuildPhase section */

/* Begin PBXGroup section */
		868466C21D57C1E4006950E4 = {
			isa = PBXGroup;
			children = (
				86E482AC1D596BC700972FBA /* MapKit.framework */,
				868466CD1D57C1E4006950E4 /* Virtual Tourist */,
				868466E21D57C1E4006950E4 /* Virtual TouristTests */,
				868466ED1D57C1E4006950E4 /* Virtual TouristUITests */,
				868466CC1D57C1E4006950E4 /* Products */,
			);
			sourceTree = "<group>";
		};
		868466CC1D57C1E4006950E4 /* Products */ = {
			isa = PBXGroup;
			children = (
				868466CB1D57C1E4006950E4 /* Virtual Tourist.app */,
				868466DF1D57C1E4006950E4 /* Virtual TouristTests.xctest */,
				868466EA1D57C1E4006950E4 /* Virtual TouristUITests.xctest */,
			);
			name = Products;
			sourceTree = "<group>";
		};
		868466CD1D57C1E4006950E4 /* Virtual Tourist */ = {
			isa = PBXGroup;
			children = (
				86E482CA1D5C3F7600972FBA /* Model */,
				86E482C91D5C3F5F00972FBA /* Controller */,
				868466D21D57C1E4006950E4 /* Main.storyboard */,
				868466D51D57C1E4006950E4 /* Assets.xcassets */,
				868466D71D57C1E4006950E4 /* LaunchScreen.storyboard */,
				868466DA1D57C1E4006950E4 /* Info.plist */,
				86E482B01D5981EA00972FBA /* VirtualTourist.xcdatamodeld */,
			);
			path = "Virtual Tourist";
			sourceTree = "<group>";
		};
		868466E21D57C1E4006950E4 /* Virtual TouristTests */ = {
			isa = PBXGroup;
			children = (
				868466E31D57C1E4006950E4 /* Virtual_TouristTests.swift */,
				868466E51D57C1E4006950E4 /* Info.plist */,
			);
			path = "Virtual TouristTests";
			sourceTree = "<group>";
		};
		868466ED1D57C1E4006950E4 /* Virtual TouristUITests */ = {
			isa = PBXGroup;
			children = (
				868466EE1D57C1E4006950E4 /* Virtual_TouristUITests.swift */,
				868466F01D57C1E4006950E4 /* Info.plist */,
			);
			path = "Virtual TouristUITests";
			sourceTree = "<group>";
		};
		86E482C91D5C3F5F00972FBA /* Controller */ = {
			isa = PBXGroup;
			children = (
				868466D01D57C1E4006950E4 /* LocationMapViewController.swift */,
				86E482C31D5AEA4200972FBA /* PhotoAlbumViewController.swift */,
			);
			name = Controller;
			sourceTree = "<group>";
		};
		86E482CA1D5C3F7600972FBA /* Model */ = {
			isa = PBXGroup;
			children = (
				868466CE1D57C1E4006950E4 /* AppDelegate.swift */,
				86E482BB1D5A1D5500972FBA /* ImageScrollView.swift */,
				86E482BD1D5A1EB500972FBA /* Category.swift */,
				86E482BF1D5A1F1D00972FBA /* Category+CoreDataProperties.swift */,
				86E482AE1D596E4B00972FBA /* CoreDataStackManager.swift */,
				86E482B31D59843F00972FBA /* Pin.swift */,
				86E482B51D5987BE00972FBA /* Pin+CoreDataProperties.swift */,
				86E482B71D59957C00972FBA /* FlickrConstants.swift */,
				86E482B91D59983A00972FBA /* FlickrClient.swift */,
				86E482C11D5A1FEB00972FBA /* PhotoCollectionViewCell.swift */,
				86E482C51D5B665C00972FBA /* Photos.swift */,
				86E482C71D5B6DBB00972FBA /* Photos+CoreDataProperties.swift */,
				86E482CB1D5C406100972FBA /* FlickrConvenient.swift */,
			);
			name = Model;
			sourceTree = "<group>";
		};
/* End PBXGroup section */

/* Begin PBXNativeTarget section */
		868466CA1D57C1E4006950E4 /* Virtual Tourist */ = {
			isa = PBXNativeTarget;
			buildConfigurationList = 868466F31D57C1E4006950E4 /* Build configuration list for PBXNativeTarget "Virtual Tourist" */;
			buildPhases = (
				868466C71D57C1E4006950E4 /* Sources */,
				868466C81D57C1E4006950E4 /* Frameworks */,
				868466C91D57C1E4006950E4 /* Resources */,
			);
			buildRules = (
			);
			dependencies = (
			);
			name = "Virtual Tourist";
			productName = "Virtual Tourist";
			productReference = 868466CB1D57C1E4006950E4 /* Virtual Tourist.app */;
			productType = "com.apple.product-type.application";
		};
		868466DE1D57C1E4006950E4 /* Virtual TouristTests */ = {
			isa = PBXNativeTarget;
			buildConfigurationList = 868466F61D57C1E4006950E4 /* Build configuration list for PBXNativeTarget "Virtual TouristTests" */;
			buildPhases = (
				868466DB1D57C1E4006950E4 /* Sources */,
				868466DC1D57C1E4006950E4 /* Frameworks */,
				868466DD1D57C1E4006950E4 /* Resources */,
			);
			buildRules = (
			);
			dependencies = (
				868466E11D57C1E4006950E4 /* PBXTargetDependency */,
			);
			name = "Virtual TouristTests";
			productName = "Virtual TouristTests";
			productReference = 868466DF1D57C1E4006950E4 /* Virtual TouristTests.xctest */;
			productType = "com.apple.product-type.bundle.unit-test";
		};
		868466E91D57C1E4006950E4 /* Virtual TouristUITests */ = {
			isa = PBXNativeTarget;
			buildConfigurationList = 868466F91D57C1E4006950E4 /* Build configuration list for PBXNativeTarget "Virtual TouristUITests" */;
			buildPhases = (
				868466E61D57C1E4006950E4 /* Sources */,
				868466E71D57C1E4006950E4 /* Frameworks */,
				868466E81D57C1E4006950E4 /* Resources */,
			);
			buildRules = (
			);
			dependencies = (
				868466EC1D57C1E4006950E4 /* PBXTargetDependency */,
			);
			name = "Virtual TouristUITests";
			productName = "Virtual TouristUITests";
			productReference = 868466EA1D57C1E4006950E4 /* Virtual TouristUITests.xctest */;
			productType = "com.apple.product-type.bundle.ui-testing";
		};
/* End PBXNativeTarget section */

/* Begin PBXProject section */
		868466C31D57C1E4006950E4 /* Project object */ = {
			isa = PBXProject;
			attributes = {
				LastSwiftUpdateCheck = 0730;
				LastUpgradeCheck = 0730;
				ORGANIZATIONNAME = "Johnny Parham";
				TargetAttributes = {
					868466CA1D57C1E4006950E4 = {
						CreatedOnToolsVersion = 7.3.1;
						DevelopmentTeam = X97KVAZAY2;
					};
					868466DE1D57C1E4006950E4 = {
						CreatedOnToolsVersion = 7.3.1;
						TestTargetID = 868466CA1D57C1E4006950E4;
					};
					868466E91D57C1E4006950E4 = {
						CreatedOnToolsVersion = 7.3.1;
						TestTargetID = 868466CA1D57C1E4006950E4;
					};
				};
			};
			buildConfigurationList = 868466C61D57C1E4006950E4 /* Build configuration list for PBXProject "Virtual Tourist" */;
			compatibilityVersion = "Xcode 3.2";
			developmentRegion = English;
			hasScannedForEncodings = 0;
			knownRegions = (
				en,
				Base,
			);
			mainGroup = 868466C21D57C1E4006950E4;
			productRefGroup = 868466CC1D57C1E4006950E4 /* Products */;
			projectDirPath = "";
			projectRoot = "";
			targets = (
				868466CA1D57C1E4006950E4 /* Virtual Tourist */,
				868466DE1D57C1E4006950E4 /* Virtual TouristTests */,
				868466E91D57C1E4006950E4 /* Virtual TouristUITests */,
			);
		};
/* End PBXProject section */

/* Begin PBXResourcesBuildPhase section */
		868466C91D57C1E4006950E4 /* Resources */ = {
			isa = PBXResourcesBuildPhase;
			buildActionMask = 2147483647;
			files = (
				868466D91D57C1E4006950E4 /* LaunchScreen.storyboard in Resources */,
				868466D61D57C1E4006950E4 /* Assets.xcassets in Resources */,
				868466D41D57C1E4006950E4 /* Main.storyboard in Resources */,
			);
			runOnlyForDeploymentPostprocessing = 0;
		};
		868466DD1D57C1E4006950E4 /* Resources */ = {
			isa = PBXResourcesBuildPhase;
			buildActionMask = 2147483647;
			files = (
			);
			runOnlyForDeploymentPostprocessing = 0;
		};
		868466E81D57C1E4006950E4 /* Resources */ = {
			isa = PBXResourcesBuildPhase;
			buildActionMask = 2147483647;
			files = (
			);
			runOnlyForDeploymentPostprocessing = 0;
		};
/* End PBXResourcesBuildPhase section */

/* Begin PBXSourcesBuildPhase section */
		868466C71D57C1E4006950E4 /* Sources */ = {
			isa = PBXSourcesBuildPhase;
			buildActionMask = 2147483647;
			files = (
				86E482B81D59957C00972FBA /* FlickrConstants.swift in Sources */,
				86E482BE1D5A1EB500972FBA /* Category.swift in Sources */,
				86E482C41D5AEA4200972FBA /* PhotoAlbumViewController.swift in Sources */,
				86E482B41D59843F00972FBA /* Pin.swift in Sources */,
				86E482B61D5987BE00972FBA /* Pin+CoreDataProperties.swift in Sources */,
				86E482CC1D5C406100972FBA /* FlickrConvenient.swift in Sources */,
				86E482BC1D5A1D5500972FBA /* ImageScrollView.swift in Sources */,
				86E482C61D5B665C00972FBA /* Photos.swift in Sources */,
				86E482C21D5A1FEB00972FBA /* PhotoCollectionViewCell.swift in Sources */,
				86E482B21D5981EA00972FBA /* VirtualTourist.xcdatamodeld in Sources */,
				86E482C01D5A1F1D00972FBA /* Category+CoreDataProperties.swift in Sources */,
				868466D11D57C1E4006950E4 /* LocationMapViewController.swift in Sources */,
				86E482C81D5B6DBB00972FBA /* Photos+CoreDataProperties.swift in Sources */,
				868466CF1D57C1E4006950E4 /* AppDelegate.swift in Sources */,
				86E482AF1D596E4B00972FBA /* CoreDataStackManager.swift in Sources */,
				86E482BA1D59983A00972FBA /* FlickrClient.swift in Sources */,
			);
			runOnlyForDeploymentPostprocessing = 0;
		};
		868466DB1D57C1E4006950E4 /* Sources */ = {
			isa = PBXSourcesBuildPhase;
			buildActionMask = 2147483647;
			files = (
				868466E41D57C1E4006950E4 /* Virtual_TouristTests.swift in Sources */,
			);
			runOnlyForDeploymentPostprocessing = 0;
		};
		868466E61D57C1E4006950E4 /* Sources */ = {
			isa = PBXSourcesBuildPhase;
			buildActionMask = 2147483647;
			files = (
				868466EF1D57C1E4006950E4 /* Virtual_TouristUITests.swift in Sources */,
			);
			runOnlyForDeploymentPostprocessing = 0;
		};
/* End PBXSourcesBuildPhase section */

/* Begin PBXTargetDependency section */
		868466E11D57C1E4006950E4 /* PBXTargetDependency */ = {
			isa = PBXTargetDependency;
			target = 868466CA1D57C1E4006950E4 /* Virtual Tourist */;
			targetProxy = 868466E01D57C1E4006950E4 /* PBXContainerItemProxy */;
		};
		868466EC1D57C1E4006950E4 /* PBXTargetDependency */ = {
			isa = PBXTargetDependency;
			target = 868466CA1D57C1E4006950E4 /* Virtual Tourist */;
			targetProxy = 868466EB1D57C1E4006950E4 /* PBXContainerItemProxy */;
		};
/* End PBXTargetDependency section */

/* Begin PBXVariantGroup section */
		868466D21D57C1E4006950E4 /* Main.storyboard */ = {
			isa = PBXVariantGroup;
			children = (
				868466D31D57C1E4006950E4 /* Base */,
			);
			name = Main.storyboard;
			sourceTree = "<group>";
		};
		868466D71D57C1E4006950E4 /* LaunchScreen.storyboard */ = {
			isa = PBXVariantGroup;
			children = (
				868466D81D57C1E4006950E4 /* Base */,
			);
			name = LaunchScreen.storyboard;
			sourceTree = "<group>";
		};
/* End PBXVariantGroup section */

/* Begin XCBuildConfiguration section */
		868466F11D57C1E4006950E4 /* Debug */ = {
			isa = XCBuildConfiguration;
			buildSettings = {
				ALWAYS_SEARCH_USER_PATHS = NO;
				CLANG_ANALYZER_NONNULL = YES;
				CLANG_CXX_LANGUAGE_STANDARD = "gnu++0x";
				CLANG_CXX_LIBRARY = "libc++";
				CLANG_ENABLE_MODULES = YES;
				CLANG_ENABLE_OBJC_ARC = YES;
				CLANG_WARN_BOOL_CONVERSION = YES;
				CLANG_WARN_CONSTANT_CONVERSION = YES;
				CLANG_WARN_DIRECT_OBJC_ISA_USAGE = YES_ERROR;
				CLANG_WARN_EMPTY_BODY = YES;
				CLANG_WARN_ENUM_CONVERSION = YES;
				CLANG_WARN_INT_CONVERSION = YES;
				CLANG_WARN_OBJC_ROOT_CLASS = YES_ERROR;
				CLANG_WARN_UNREACHABLE_CODE = YES;
				CLANG_WARN__DUPLICATE_METHOD_MATCH = YES;
				"CODE_SIGN_IDENTITY[sdk=iphoneos*]" = "iPhone Developer";
				COPY_PHASE_STRIP = NO;
				DEBUG_INFORMATION_FORMAT = dwarf;
				ENABLE_STRICT_OBJC_MSGSEND = YES;
				ENABLE_TESTABILITY = YES;
				GCC_C_LANGUAGE_STANDARD = gnu99;
				GCC_DYNAMIC_NO_PIC = NO;
				GCC_NO_COMMON_BLOCKS = YES;
				GCC_OPTIMIZATION_LEVEL = 0;
				GCC_PREPROCESSOR_DEFINITIONS = (
					"DEBUG=1",
					"$(inherited)",
				);
				GCC_WARN_64_TO_32_BIT_CONVERSION = YES;
				GCC_WARN_ABOUT_RETURN_TYPE = YES_ERROR;
				GCC_WARN_UNDECLARED_SELECTOR = YES;
				GCC_WARN_UNINITIALIZED_AUTOS = YES_AGGRESSIVE;
				GCC_WARN_UNUSED_FUNCTION = YES;
				GCC_WARN_UNUSED_VARIABLE = YES;
				IPHONEOS_DEPLOYMENT_TARGET = 9.3;
				MTL_ENABLE_DEBUG_INFO = YES;
				ONLY_ACTIVE_ARCH = YES;
				SDKROOT = iphoneos;
				SWIFT_OPTIMIZATION_LEVEL = "-Onone";
				TARGETED_DEVICE_FAMILY = "1,2";
			};
			name = Debug;
		};
		868466F21D57C1E4006950E4 /* Release */ = {
			isa = XCBuildConfiguration;
			buildSettings = {
				ALWAYS_SEARCH_USER_PATHS = NO;
				CLANG_ANALYZER_NONNULL = YES;
				CLANG_CXX_LANGUAGE_STANDARD = "gnu++0x";
				CLANG_CXX_LIBRARY = "libc++";
				CLANG_ENABLE_MODULES = YES;
				CLANG_ENABLE_OBJC_ARC = YES;
				CLANG_WARN_BOOL_CONVERSION = YES;
				CLANG_WARN_CONSTANT_CONVERSION = YES;
				CLANG_WARN_DIRECT_OBJC_ISA_USAGE = YES_ERROR;
				CLANG_WARN_EMPTY_BODY = YES;
				CLANG_WARN_ENUM_CONVERSION = YES;
				CLANG_WARN_INT_CONVERSION = YES;
				CLANG_WARN_OBJC_ROOT_CLASS = YES_ERROR;
				CLANG_WARN_UNREACHABLE_CODE = YES;
				CLANG_WARN__DUPLICATE_METHOD_MATCH = YES;
				"CODE_SIGN_IDENTITY[sdk=iphoneos*]" = "iPhone Developer";
				COPY_PHASE_STRIP = NO;
				DEBUG_INFORMATION_FORMAT = "dwarf-with-dsym";
				ENABLE_NS_ASSERTIONS = NO;
				ENABLE_STRICT_OBJC_MSGSEND = YES;
				GCC_C_LANGUAGE_STANDARD = gnu99;
				GCC_NO_COMMON_BLOCKS = YES;
				GCC_WARN_64_TO_32_BIT_CONVERSION = YES;
				GCC_WARN_ABOUT_RETURN_TYPE = YES_ERROR;
				GCC_WARN_UNDECLARED_SELECTOR = YES;
				GCC_WARN_UNINITIALIZED_AUTOS = YES_AGGRESSIVE;
				GCC_WARN_UNUSED_FUNCTION = YES;
				GCC_WARN_UNUSED_VARIABLE = YES;
				IPHONEOS_DEPLOYMENT_TARGET = 9.3;
				MTL_ENABLE_DEBUG_INFO = NO;
				SDKROOT = iphoneos;
				TARGETED_DEVICE_FAMILY = "1,2";
				VALIDATE_PRODUCT = YES;
			};
			name = Release;
		};
		868466F41D57C1E4006950E4 /* Debug */ = {
			isa = XCBuildConfiguration;
			buildSettings = {
				ASSETCATALOG_COMPILER_APPICON_NAME = AppIcon;
				CODE_SIGN_IDENTITY = "iPhone Developer";
				"CODE_SIGN_IDENTITY[sdk=iphoneos*]" = "iPhone Developer";
				INFOPLIST_FILE = "Virtual Tourist/Info.plist";
				LD_RUNPATH_SEARCH_PATHS = "$(inherited) @executable_path/Frameworks";
				PRODUCT_BUNDLE_IDENTIFIER = "parham.Virtual-Tourist";
				PRODUCT_NAME = "$(TARGET_NAME)";
				PROVISIONING_PROFILE = "";
			};
			name = Debug;
		};
		868466F51D57C1E4006950E4 /* Release */ = {
			isa = XCBuildConfiguration;
			buildSettings = {
				ASSETCATALOG_COMPILER_APPICON_NAME = AppIcon;
				CODE_SIGN_IDENTITY = "iPhone Developer";
				"CODE_SIGN_IDENTITY[sdk=iphoneos*]" = "iPhone Developer";
				INFOPLIST_FILE = "Virtual Tourist/Info.plist";
				LD_RUNPATH_SEARCH_PATHS = "$(inherited) @executable_path/Frameworks";
				PRODUCT_BUNDLE_IDENTIFIER = "parham.Virtual-Tourist";
				PRODUCT_NAME = "$(TARGET_NAME)";
				PROVISIONING_PROFILE = "";
			};
			name = Release;
		};
		868466F71D57C1E4006950E4 /* Debug */ = {
			isa = XCBuildConfiguration;
			buildSettings = {
				BUNDLE_LOADER = "$(TEST_HOST)";
				INFOPLIST_FILE = "Virtual TouristTests/Info.plist";
				LD_RUNPATH_SEARCH_PATHS = "$(inherited) @executable_path/Frameworks @loader_path/Frameworks";
				PRODUCT_BUNDLE_IDENTIFIER = "parham.Virtual-TouristTests";
				PRODUCT_NAME = "$(TARGET_NAME)";
				TEST_HOST = "$(BUILT_PRODUCTS_DIR)/Virtual Tourist.app/Virtual Tourist";
			};
			name = Debug;
		};
		868466F81D57C1E4006950E4 /* Release */ = {
			isa = XCBuildConfiguration;
			buildSettings = {
				BUNDLE_LOADER = "$(TEST_HOST)";
				INFOPLIST_FILE = "Virtual TouristTests/Info.plist";
				LD_RUNPATH_SEARCH_PATHS = "$(inherited) @executable_path/Frameworks @loader_path/Frameworks";
				PRODUCT_BUNDLE_IDENTIFIER = "parham.Virtual-TouristTests";
				PRODUCT_NAME = "$(TARGET_NAME)";
				TEST_HOST = "$(BUILT_PRODUCTS_DIR)/Virtual Tourist.app/Virtual Tourist";
			};
			name = Release;
		};
		868466FA1D57C1E4006950E4 /* Debug */ = {
			isa = XCBuildConfiguration;
			buildSettings = {
				INFOPLIST_FILE = "Virtual TouristUITests/Info.plist";
				LD_RUNPATH_SEARCH_PATHS = "$(inherited) @executable_path/Frameworks @loader_path/Frameworks";
				PRODUCT_BUNDLE_IDENTIFIER = "parham.Virtual-TouristUITests";
				PRODUCT_NAME = "$(TARGET_NAME)";
				TEST_TARGET_NAME = "Virtual Tourist";
			};
			name = Debug;
		};
		868466FB1D57C1E4006950E4 /* Release */ = {
			isa = XCBuildConfiguration;
			buildSettings = {
				INFOPLIST_FILE = "Virtual TouristUITests/Info.plist";
				LD_RUNPATH_SEARCH_PATHS = "$(inherited) @executable_path/Frameworks @loader_path/Frameworks";
				PRODUCT_BUNDLE_IDENTIFIER = "parham.Virtual-TouristUITests";
				PRODUCT_NAME = "$(TARGET_NAME)";
				TEST_TARGET_NAME = "Virtual Tourist";
			};
			name = Release;
		};
/* End XCBuildConfiguration section */

/* Begin XCConfigurationList section */
		868466C61D57C1E4006950E4 /* Build configuration list for PBXProject "Virtual Tourist" */ = {
			isa = XCConfigurationList;
			buildConfigurations = (
				868466F11D57C1E4006950E4 /* Debug */,
				868466F21D57C1E4006950E4 /* Release */,
			);
			defaultConfigurationIsVisible = 0;
			defaultConfigurationName = Release;
		};
		868466F31D57C1E4006950E4 /* Build configuration list for PBXNativeTarget "Virtual Tourist" */ = {
			isa = XCConfigurationList;
			buildConfigurations = (
				868466F41D57C1E4006950E4 /* Debug */,
				868466F51D57C1E4006950E4 /* Release */,
			);
			defaultConfigurationIsVisible = 0;
			defaultConfigurationName = Release;
		};
		868466F61D57C1E4006950E4 /* Build configuration list for PBXNativeTarget "Virtual TouristTests" */ = {
			isa = XCConfigurationList;
			buildConfigurations = (
				868466F71D57C1E4006950E4 /* Debug */,
				868466F81D57C1E4006950E4 /* Release */,
			);
			defaultConfigurationIsVisible = 0;
			defaultConfigurationName = Release;
		};
		868466F91D57C1E4006950E4 /* Build configuration list for PBXNativeTarget "Virtual TouristUITests" */ = {
			isa = XCConfigurationList;
			buildConfigurations = (
				868466FA1D57C1E4006950E4 /* Debug */,
				868466FB1D57C1E4006950E4 /* Release */,
			);
			defaultConfigurationIsVisible = 0;
			defaultConfigurationName = Release;
		};
/* End XCConfigurationList section */

/* Begin XCVersionGroup section */
		86E482B01D5981EA00972FBA /* VirtualTourist.xcdatamodeld */ = {
			isa = XCVersionGroup;
			children = (
				86E482B11D5981EA00972FBA /* VirtualTourist.xcdatamodel */,
			);
			currentVersion = 86E482B11D5981EA00972FBA /* VirtualTourist.xcdatamodel */;
			path = VirtualTourist.xcdatamodeld;
			sourceTree = "<group>";
			versionGroupType = wrapper.xcdatamodel;
		};
/* End XCVersionGroup section */
	};
	rootObject = 868466C31D57C1E4006950E4 /* Project object */;
}
